PODS:
  - Starscream (4.0.4)
  - transport (1.1.14):
    - Starscream (~> 4.0.4)

DEPENDENCIES:
  - transport (from `../transport`)

SPEC REPOS:
  trunk:
    - Starscream

EXTERNAL SOURCES:
  transport:
    :path: "../transport"

SPEC CHECKSUMS:
  Starscream: 5178aed56b316f13fa3bc55694e583d35dd414d9
  transport: deaf6426b3d5e9ba16049bdc10a11993cebc30bf

PODFILE CHECKSUM: c37c4bdbffb53e19d036b84837e9afb78d70a86a

COCOAPODS: 1.11.2
